
Microsoft Visual Studio Solution File, Format Version 12.00
# Visual Studio Version 16
VisualStudioVersion = 16.0.31105.61
MinimumVisualStudioVersion = 10.0.40219.1
Project("{FAE04EC0-301F-11D3-BF4B-00C04F79EFBC}") = "VoterSystem", "VoterSystem.csproj", "{58FC52F2-3368-40A1-855E-F3687312DC49}"
EndProject
Global
	GlobalSection(SolutionConfigurationPlatforms) = preSolution
		Debug|Any CPU = Debug|Any CPU
		Release|Any CPU = Release|Any CPU
	EndGlobalSection
	GlobalSection(ProjectConfigurationPlatforms) = postSolution
		{58FC52F2-3368-40A1-855E-F3687312DC49}.Debug|Any CPU.ActiveCfg = Debug|Any CPU
		{58FC52F2-3368-40A1-855E-F3687312DC49}.Debug|Any CPU.Build.0 = Debug|Any CPU
		{58FC52F2-3368-40A1-855E-F3687312DC49}.Release|Any CPU.ActiveCfg = Release|Any CPU
		{58FC52F2-3368-40A1-855E-F3687312DC49}.Release|Any CPU.Build.0 = Release|Any CPU
	EndGlobalSection
	GlobalSection(SolutionProperties) = preSolution
		HideSolutionNode = FALSE
	EndGlobalSection
	GlobalSection(ExtensibilityGlobals) = postSolution
		SolutionGuid = {0524D3FC-A0E1-4B54-8B1C-1D55D9FBE835}
	EndGlobalSection
EndGlobal
